
Microsoft Visual Studio Solution File, Format Version 11.00
# Visual Studio 2010
Project("{F184B08F-C81C-45F6-A57F-5ABD9991F28F}") = "Symphony_NCare", "Symphony_NCare\Symphony_NCare.vbproj", "{6F7C9EA1-8E31-4CCC-82BF-FAF139D763EA}"
EndProject
Global
	GlobalSection(SolutionConfigurationPlatforms) = preSolution
		Debug|x86 = Debug|x86
		Release|x86 = Release|x86
	EndGlobalSection
	GlobalSection(ProjectConfigurationPlatforms) = postSolution
		{6F7C9EA1-8E31-4CCC-82BF-FAF139D763EA}.Debug|x86.ActiveCfg = Debug|x86
		{6F7C9EA1-8E31-4CCC-82BF-FAF139D763EA}.Debug|x86.Build.0 = Debug|x86
		{6F7C9EA1-8E31-4CCC-82BF-FAF139D763EA}.Release|x86.ActiveCfg = Release|x86
		{6F7C9EA1-8E31-4CCC-82BF-FAF139D763EA}.Release|x86.Build.0 = Release|x86
	EndGlobalSection
	GlobalSection(SolutionProperties) = preSolution
		HideSolutionNode = FALSE
	EndGlobalSection
EndGlobal
